<?xml version="1.0" encoding="utf-8"?>
<Project ToolsVersion="4.0" xmlns="http://schemas.microsoft.com/developer/msbuild/2003">
  <ItemGroup>
    <Filter Include="Source Files">
      <UniqueIdentifier>{4FC737F1-C7A5-4376-A066-2A32D752A2FF}</UniqueIdentifier>
      <Extensions>cpp;c;cc;cxx;def;odl;idl;hpj;bat;asm;asmx</Extensions>
    </Filter>
    <Filter Include="Header Files">
      <UniqueIdentifier>{93995380-89BD-4b04-88EB-625FBE52EBFB}</UniqueIdentifier>
      <Extensions>h;hh;hpp;hxx;hm;inl;inc;ipp;xsd</Extensions>
    </Filter>
    <Filter Include="Resource Files">
      <UniqueIdentifier>{67DA6AB6-F800-4c08-8B7A-83BB121AAD01}</UniqueIdentifier>
      <Extensions>rc;ico;cur;bmp;dlg;rc2;rct;bin;rgs;gif;jpg;jpeg;jpe;resx;tiff;tif;png;wav;mfcribbon-ms</Extensions>
    </Filter>
  </ItemGroup>
  <ItemGroup>
    <ClInclude Include="targetver.h">
      <Filter>Header Files</Filter>
    </ClInclude>
    <ClInclude Include="Resource.h">
      <Filter>Header Files</Filter>
    </ClInclude>
    <ClInclude Include="XeytaCpipiWClient.h">
      <Filter>Header Files</Filter>
    </ClInclude>
    <ClInclude Include="models\CommandLineArguments.h">
      <Filter>Header Files</Filter>
    </ClInclude>
    <ClInclude Include="Application.h">
      <Filter>Header Files</Filter>
    </ClInclude>
    <ClInclude Include="ui\console\mediators\SimpleConsoleUiMediator.h">
      <Filter>Header Files</Filter>
    </ClInclude>
    <ClInclude Include="ui\mediators\IUiMediator.h">
      <Filter>Header Files</Filter>
    </ClInclude>
    <ClInclude Include="concurrent\core\Thread.h">
      <Filter>Header Files</Filter>
    </ClInclude>
    <ClInclude Include="concurrent\core\Mutex.h">
      <Filter>Header Files</Filter>
    </ClInclude>
    <ClInclude Include="ui\console\AppConsole.h">
      <Filter>Header Files</Filter>
    </ClInclude>
    <ClInclude Include="services\net\NetServerService.h">
      <Filter>Header Files</Filter>
    </ClInclude>
    <ClInclude Include="services\UuidService.h">
      <Filter>Header Files</Filter>
    </ClInclude>
    <ClInclude Include="services\PacketProcessor.h">
      <Filter>Header Files</Filter>
    </ClInclude>
    <ClInclude Include="appdefs.h">
      <Filter>Header Files</Filter>
    </ClInclude>
    <ClInclude Include="concurrent\mutex\Win32CritialSectionMutex.h">
      <Filter>Header Files</Filter>
    </ClInclude>
    <ClInclude Include="models\Client.h">
      <Filter>Header Files</Filter>
    </ClInclude>
    <ClInclude Include="services\net\NetClientService.h">
      <Filter>Header Files</Filter>
    </ClInclude>
    <ClInclude Include="services\DesktopService.h">
      <Filter>Header Files</Filter>
    </ClInclude>
  </ItemGroup>
  <ItemGroup>
    <ClCompile Include="main.cpp">
      <Filter>Source Files</Filter>
    </ClCompile>
    <ClCompile Include="models\CommandLineArguments.cpp">
      <Filter>Source Files</Filter>
    </ClCompile>
    <ClCompile Include="Application.cpp">
      <Filter>Source Files</Filter>
    </ClCompile>
    <ClCompile Include="ui\console\mediators\SimpleConsoleUiMediator.cpp">
      <Filter>Source Files</Filter>
    </ClCompile>
    <ClCompile Include="ui\mediators\IUiMediator.cpp">
      <Filter>Source Files</Filter>
    </ClCompile>
    <ClCompile Include="ui\console\AppConsole.cpp">
      <Filter>Source Files</Filter>
    </ClCompile>
    <ClCompile Include="services\net\NetServerService.cpp">
      <Filter>Source Files</Filter>
    </ClCompile>
    <ClCompile Include="services\UuidService.cpp">
      <Filter>Source Files</Filter>
    </ClCompile>
    <ClCompile Include="services\PacketProcessor.cpp">
      <Filter>Source Files</Filter>
    </ClCompile>
    <ClCompile Include="models\Client.cpp">
      <Filter>Source Files</Filter>
    </ClCompile>
    <ClCompile Include="services\net\NetClientService.cpp">
      <Filter>Source Files</Filter>
    </ClCompile>
    <ClCompile Include="services\DesktopService.cpp">
      <Filter>Source Files</Filter>
    </ClCompile>
  </ItemGroup>
  <ItemGroup>
    <ResourceCompile Include="XeytaCpipiWClient.rc">
      <Filter>Resource Files</Filter>
    </ResourceCompile>
  </ItemGroup>
  <ItemGroup>
    <Image Include="small.ico">
      <Filter>Resource Files</Filter>
    </Image>
    <Image Include="XeytaCpipiWClient.ico">
      <Filter>Resource Files</Filter>
    </Image>
  </ItemGroup>
</Project>