<?xml version="1.0" encoding="utf-8"?>
<Project ToolsVersion="4.0" xmlns="http://schemas.microsoft.com/developer/msbuild/2003">
  <ItemGroup>
    <Filter Include="Source Files">
      <UniqueIdentifier>{4FC737F1-C7A5-4376-A066-2A32D752A2FF}</UniqueIdentifier>
      <Extensions>cpp;c;cc;cxx;def;odl;idl;hpj;bat;asm;asmx</Extensions>
    </Filter>
    <Filter Include="Header Files">
      <UniqueIdentifier>{93995380-89BD-4b04-88EB-625FBE52EBFB}</UniqueIdentifier>
      <Extensions>h;hh;hpp;hxx;hm;inl;inc;ipp;xsd</Extensions>
    </Filter>
    <Filter Include="Resource Files">
      <UniqueIdentifier>{67DA6AB6-F800-4c08-8B7A-83BB121AAD01}</UniqueIdentifier>
      <Extensions>rc;ico;cur;bmp;dlg;rc2;rct;bin;rgs;gif;jpg;jpeg;jpe;resx;tiff;tif;png;wav;mfcribbon-ms</Extensions>
    </Filter>
  </ItemGroup>
  <ItemGroup>
    <ClInclude Include="packets\Packet.h">
      <Filter>Header Files</Filter>
    </ClInclude>
    <ClInclude Include="packets\packetdefs.h">
      <Filter>Header Files</Filter>
    </ClInclude>
    <ClInclude Include="packets\PacketFileSystem.h">
      <Filter>Header Files</Filter>
    </ClInclude>
    <ClInclude Include="packets\PacketPresentation.h">
      <Filter>Header Files</Filter>
    </ClInclude>
    <ClInclude Include="packets\PacketProcess.h">
      <Filter>Header Files</Filter>
    </ClInclude>
    <ClInclude Include="packets\PacketSysInfo.h">
      <Filter>Header Files</Filter>
    </ClInclude>
    <ClInclude Include="models\errors.h">
      <Filter>Header Files</Filter>
    </ClInclude>
    <ClInclude Include="services\BaseNetClientService.h">
      <Filter>Header Files</Filter>
    </ClInclude>
    <ClInclude Include="services\BaseNetService.h">
      <Filter>Header Files</Filter>
    </ClInclude>
    <ClInclude Include="packets\PacketDownload.h">
      <Filter>Header Files</Filter>
    </ClInclude>
    <ClInclude Include="packets\PacketMediaResponse.h">
      <Filter>Header Files</Filter>
    </ClInclude>
    <ClInclude Include="packets\PacketShell.h">
      <Filter>Header Files</Filter>
    </ClInclude>
  </ItemGroup>
  <ItemGroup>
    <ClCompile Include="packets\Packet.cpp">
      <Filter>Source Files</Filter>
    </ClCompile>
    <ClCompile Include="packets\PacketFileSystem.cpp">
      <Filter>Source Files</Filter>
    </ClCompile>
    <ClCompile Include="packets\PacketPresentation.cpp">
      <Filter>Source Files</Filter>
    </ClCompile>
    <ClCompile Include="packets\PacketProcess.cpp">
      <Filter>Source Files</Filter>
    </ClCompile>
    <ClCompile Include="packets\PacketSysInfo.cpp">
      <Filter>Source Files</Filter>
    </ClCompile>
    <ClCompile Include="services\BaseNetClientService.cpp">
      <Filter>Source Files</Filter>
    </ClCompile>
    <ClCompile Include="services\BaseNetService.cpp">
      <Filter>Source Files</Filter>
    </ClCompile>
    <ClCompile Include="packets\PacketDownload.cpp">
      <Filter>Source Files</Filter>
    </ClCompile>
    <ClCompile Include="packets\PacketMediaResponse.cpp">
      <Filter>Source Files</Filter>
    </ClCompile>
    <ClCompile Include="packets\PacketShell.cpp">
      <Filter>Source Files</Filter>
    </ClCompile>
  </ItemGroup>
</Project>